(lockfile (version 2)
  (root
    (name (scheme-packages kons)) (version "0.2.0") (features default))
  (packages
    (package (scope runtime) (type git)
      (name (args)) (url "https://github.com/playx18/scm-args.git") (rev #f) (subpath #f) (source "remote-git") (commit "0236f85cf2d20e94d145a23d8594adccf7e79cf3"))) (overrides))
