(lockfile (version 2)
  (root
    (name (scheme-packages kons)) (version "0.2.0") (scheme gauche) (dialect r7rs) (target #f) (profile debug) (compile-mode fresh-auto) (features default))
  (packages
    (package (scope runtime) (type path)
      (name (args)) (path "vendor/scm-args") (raw #f) (source-hash "1409289701 854"))
    (package (scope runtime) (type path)
      (name (conduit)) (path "vendor/conduit") (raw #f) (source-hash "564032093 1601"))
    (system (scope runtime)
      (names (scheme base) (scheme write)))) (edges)
  (overrides
    (package (scope override) (type path)
      (name (args)) (path "vendor/scm-args") (raw #f) (source-hash "1409289701 854"))
    (package (scope override) (type path)
      (name (conduit)) (path "vendor/conduit") (raw #f) (source-hash "564032093 1601"))))
